{
  "name": "eslint",
  "version": "1.0.0",
  "lockfileVersion": 2,
  "requires": true,
  "packages": {
    "": {
      "name": "eslint",
      "version": "1.0.0",
      "license": "ISC",
      "dependencies": {
        "espree": "^9.5.2"
      }
    },
    "node_modules/acorn": {
      "version": "8.8.2",
      "resolved": "https://registry.npmjs.org/acorn/-/acorn-8.8.2.tgz",
      "integrity": "sha512-xjIYgE8HBrkpd/sJqOGNspf8uHG+NOHGOw6a/Urj8taM2EXfdNAH2oFcPeIFfsv3+kz/mJrS5VuMqbNLjCa2vw==",
      "bin": {
        "acorn": "bin/acorn"
      },
      "engines": {
        "node": ">=0.4.0"
      }
    },
    "node_modules/acorn-jsx": {
      "version": "5.3.2",
      "resolved": "https://registry.npmjs.org/acorn-jsx/-/acorn-jsx-5.3.2.tgz",
      "integrity": "sha512-rq9s+JNhf0IChjtDXxllJ7g41oZk5SlXtp0LHwyA5cejwn7vKmKp4pPri6YEePv2PU65sAsegbXtIinmDFDXgQ==",
      "peerDependencies": {
        "acorn": "^6.0.0 || ^7.0.0 || ^8.0.0"
      }
    },
    "node_modules/eslint-visitor-keys": {
      "version": "3.4.1",
      "resolved": "https://registry.npmjs.org/eslint-visitor-keys/-/eslint-visitor-keys-3.4.1.tgz",
      "integrity": "sha512-pZnmmLwYzf+kWaM/Qgrvpen51upAktaaiI01nsJD/Yr3lMOdNtq0cxkrrg16w64VtisN6okbs7Q8AfGqj4c9fA==",
      "engines": {
        "node": "^12.22.0 || ^14.17.0 || >=16.0.0"
      },
      "funding": {
        "url": "https://opencollective.com/eslint"
      }
    },
    "node_modules/espree": {
      "version": "9.5.2",
      "resolved": "https://registry.npmjs.org/espree/-/espree-9.5.2.tgz",
      "integrity": "sha512-7OASN1Wma5fum5SrNhFMAMJxOUAbhyfQ8dQ//PJaJbNw0URTPWqIghHWt1MmAANKhHZIYOHruW4Kw4ruUWOdGw==",
      "dependencies": {
        "acorn": "^8.8.0",
        "acorn-jsx": "^5.3.2",
        "eslint-visitor-keys": "^3.4.1"
      },
      "engines": {
        "node": "^12.22.0 || ^14.17.0 || >=16.0.0"
      },
      "funding": {
        "url": "https://opencollective.com/eslint"
      }
    }
  },
  "dependencies": {
    "acorn": {
      "version": "8.8.2",
      "resolved": "https://registry.npmjs.org/acorn/-/acorn-8.8.2.tgz",
      "integrity": "sha512-xjIYgE8HBrkpd/sJqOGNspf8uHG+NOHGOw6a/Urj8taM2EXfdNAH2oFcPeIFfsv3+kz/mJrS5VuMqbNLjCa2vw=="
    },
    "acorn-jsx": {
      "version": "5.3.2",
      "resolved": "https://registry.npmjs.org/acorn-jsx/-/acorn-jsx-5.3.2.tgz",
      "integrity": "sha512-rq9s+JNhf0IChjtDXxllJ7g41oZk5SlXtp0LHwyA5cejwn7vKmKp4pPri6YEePv2PU65sAsegbXtIinmDFDXgQ==",
      "requires": {}
    },
    "eslint-visitor-keys": {
      "version": "3.4.1",
      "resolved": "https://registry.npmjs.org/eslint-visitor-keys/-/eslint-visitor-keys-3.4.1.tgz",
      "integrity": "sha512-pZnmmLwYzf+kWaM/Qgrvpen51upAktaaiI01nsJD/Yr3lMOdNtq0cxkrrg16w64VtisN6okbs7Q8AfGqj4c9fA=="
    },
    "espree": {
      "version": "9.5.2",
      "resolved": "https://registry.npmjs.org/espree/-/espree-9.5.2.tgz",
      "integrity": "sha512-7OASN1Wma5fum5SrNhFMAMJxOUAbhyfQ8dQ//PJaJbNw0URTPWqIghHWt1MmAANKhHZIYOHruW4Kw4ruUWOdGw==",
      "requires": {
        "acorn": "^8.8.0",
        "acorn-jsx": "^5.3.2",
        "eslint-visitor-keys": "^3.4.1"
      }
    }
  }
}
