{
  "name": "peer-dependencies-cobyte",
  "version": "1.0.0",
  "lockfileVersion": 2,
  "requires": true,
  "packages": {
    "": {
      "name": "peer-dependencies-cobyte",
      "version": "1.0.0",
      "license": "ISC",
      "dependencies": {
        "vue": "^3.2.0"
      }
    },
    "node_modules/@babel/helper-string-parser": {
      "version": "7.21.5",
      "resolved": "https://registry.npmjs.org/@babel/helper-string-parser/-/helper-string-parser-7.21.5.tgz",
      "integrity": "sha512-5pTUx3hAJaZIdW99sJ6ZUUgWq/Y+Hja7TowEnLNMm1VivRgZQL3vpBY3qUACVsvw+yQU6+YgfBVmcbLaZtrA1w==",
      "engines": {
        "node": ">=6.9.0"
      }
    },
    "node_modules/@babel/helper-validator-identifier": {
      "version": "7.19.1",
      "resolved": "https://registry.npmjs.org/@babel/helper-validator-identifier/-/helper-validator-identifier-7.19.1.tgz",
      "integrity": "sha512-awrNfaMtnHUr653GgGEs++LlAvW6w+DcPrOliSMXWCKo597CwL5Acf/wWdNkf/tfEQE3mjkeD1YOVZOUV/od1w==",
      "engines": {
        "node": ">=6.9.0"
      }
    },
    "node_modules/@babel/parser": {
      "version": "7.21.8",
      "resolved": "https://registry.npmjs.org/@babel/parser/-/parser-7.21.8.tgz",
      "integrity": "sha512-6zavDGdzG3gUqAdWvlLFfk+36RilI+Pwyuuh7HItyeScCWP3k6i8vKclAQ0bM/0y/Kz/xiwvxhMv9MgTJP5gmA==",
      "bin": {
        "parser": "bin/babel-parser.js"
      },
      "engines": {
        "node": ">=6.0.0"
      }
    },
    "node_modules/@babel/types": {
      "version": "7.21.5",
      "resolved": "https://registry.npmjs.org/@babel/types/-/types-7.21.5.tgz",
      "integrity": "sha512-m4AfNvVF2mVC/F7fDEdH2El3HzUg9It/XsCxZiOTTA3m3qYfcSVSbTfM6Q9xG+hYDniZssYhlXKKUMD5m8tF4Q==",
      "dependencies": {
        "@babel/helper-string-parser": "^7.21.5",
        "@babel/helper-validator-identifier": "^7.19.1",
        "to-fast-properties": "^2.0.0"
      },
      "engines": {
        "node": ">=6.9.0"
      }
    },
    "node_modules/@vue/compiler-core": {
      "version": "3.2.0",
      "resolved": "https://registry.npmjs.org/@vue/compiler-core/-/compiler-core-3.2.0.tgz",
      "integrity": "sha512-+kfA4pisto26tcEh9Naf/qrizplYWnkBLHu3fX5Yu0c47RVBteVG3dHENFczl3Egwra+5NP5f3YuOgxK1ZMbNQ==",
      "dependencies": {
        "@babel/parser": "^7.12.0",
        "@babel/types": "^7.12.0",
        "@vue/shared": "3.2.0",
        "estree-walker": "^2.0.1",
        "source-map": "^0.6.1"
      }
    },
    "node_modules/@vue/compiler-dom": {
      "version": "3.2.0",
      "resolved": "https://registry.npmjs.org/@vue/compiler-dom/-/compiler-dom-3.2.0.tgz",
      "integrity": "sha512-CqfATmX04+58LNBTTUPRBLyYGLP0bxtL+8b7B8pEvXja7fpmxiYcKBQsdaXfyqoRJsaTzA7eVXQt/t0dYhu/SQ==",
      "dependencies": {
        "@vue/compiler-core": "3.2.0",
        "@vue/shared": "3.2.0"
      }
    },
    "node_modules/@vue/reactivity": {
      "version": "3.2.0",
      "resolved": "https://registry.npmjs.org/@vue/reactivity/-/reactivity-3.2.0.tgz",
      "integrity": "sha512-39L3UJe8+jYeCTM/QrDglDM05O11UrmyhazUOHOOj7+a9pPVu95HGInh5CkKQf98mx2gq6t3PPN8bCN5wK8Wwg==",
      "dependencies": {
        "@vue/shared": "3.2.0"
      }
    },
    "node_modules/@vue/runtime-core": {
      "version": "3.2.0",
      "resolved": "https://registry.npmjs.org/@vue/runtime-core/-/runtime-core-3.2.0.tgz",
      "integrity": "sha512-mZlkYTcw3mVwClwFTpql4hkDfOweHE/w+9r3Yb3UPwRs75bSJXMBRUikw1GVx01bZQ8VQPjBYowCElcWNSlKig==",
      "dependencies": {
        "@vue/reactivity": "3.2.0",
        "@vue/shared": "3.2.0"
      }
    },
    "node_modules/@vue/runtime-dom": {
      "version": "3.2.0",
      "resolved": "https://registry.npmjs.org/@vue/runtime-dom/-/runtime-dom-3.2.0.tgz",
      "integrity": "sha512-NCHMfrUwpJelCTINpMRLFhzWKJkl07slabmTbECZFJnkdDfFkptGCWll42q58bbvwGmpAPDzNI3yYch72pcKwg==",
      "dependencies": {
        "@vue/runtime-core": "3.2.0",
        "@vue/shared": "3.2.0",
        "csstype": "^2.6.8"
      }
    },
    "node_modules/@vue/shared": {
      "version": "3.2.0",
      "resolved": "https://registry.npmjs.org/@vue/shared/-/shared-3.2.0.tgz",
      "integrity": "sha512-MgdilC3YHYSCFuNlxZBgugh8B9/h/h+nQ6lkeaxqFWW+FnV/JzCwW4Bh5bYIYvBleG8QZjFwxdmdqSAWLXzgEA=="
    },
    "node_modules/csstype": {
      "version": "2.6.21",
      "resolved": "https://registry.npmjs.org/csstype/-/csstype-2.6.21.tgz",
      "integrity": "sha512-Z1PhmomIfypOpoMjRQB70jfvy/wxT50qW08YXO5lMIJkrdq4yOTR+AW7FqutScmB9NkLwxo+jU+kZLbofZZq/w=="
    },
    "node_modules/estree-walker": {
      "version": "2.0.2",
      "resolved": "https://registry.npmjs.org/estree-walker/-/estree-walker-2.0.2.tgz",
      "integrity": "sha512-Rfkk/Mp/DL7JVje3u18FxFujQlTNR2q6QfMSMB7AvCBx91NGj/ba3kCfza0f6dVDbw7YlRf/nDrn7pQrCCyQ/w=="
    },
    "node_modules/source-map": {
      "version": "0.6.1",
      "resolved": "https://registry.npmjs.org/source-map/-/source-map-0.6.1.tgz",
      "integrity": "sha512-UjgapumWlbMhkBgzT7Ykc5YXUT46F0iKu8SGXq0bcwP5dz/h0Plj6enJqjz1Zbq2l5WaqYnrVbwWOWMyF3F47g==",
      "engines": {
        "node": ">=0.10.0"
      }
    },
    "node_modules/to-fast-properties": {
      "version": "2.0.0",
      "resolved": "https://registry.npmjs.org/to-fast-properties/-/to-fast-properties-2.0.0.tgz",
      "integrity": "sha512-/OaKK0xYrs3DmxRYqL/yDc+FxFUVYhDlXMhRmv3z915w2HF1tnN1omB354j8VUGO/hbRzyD6Y3sA7v7GS/ceog==",
      "engines": {
        "node": ">=4"
      }
    },
    "node_modules/vue": {
      "version": "3.2.0",
      "resolved": "https://registry.npmjs.org/vue/-/vue-3.2.0.tgz",
      "integrity": "sha512-eMo5yCdkWRmBfqp/acBI/Y1Omgk0NyGqPViaU66eOpKarXNtkdImzDA57+E76jnWVr6MEp/rg1n0vnxaVvALMQ==",
      "dependencies": {
        "@vue/compiler-dom": "3.2.0",
        "@vue/runtime-dom": "3.2.0",
        "@vue/shared": "3.2.0"
      }
    }
  },
  "dependencies": {
    "@babel/helper-string-parser": {
      "version": "7.21.5",
      "resolved": "https://registry.npmjs.org/@babel/helper-string-parser/-/helper-string-parser-7.21.5.tgz",
      "integrity": "sha512-5pTUx3hAJaZIdW99sJ6ZUUgWq/Y+Hja7TowEnLNMm1VivRgZQL3vpBY3qUACVsvw+yQU6+YgfBVmcbLaZtrA1w=="
    },
    "@babel/helper-validator-identifier": {
      "version": "7.19.1",
      "resolved": "https://registry.npmjs.org/@babel/helper-validator-identifier/-/helper-validator-identifier-7.19.1.tgz",
      "integrity": "sha512-awrNfaMtnHUr653GgGEs++LlAvW6w+DcPrOliSMXWCKo597CwL5Acf/wWdNkf/tfEQE3mjkeD1YOVZOUV/od1w=="
    },
    "@babel/parser": {
      "version": "7.21.8",
      "resolved": "https://registry.npmjs.org/@babel/parser/-/parser-7.21.8.tgz",
      "integrity": "sha512-6zavDGdzG3gUqAdWvlLFfk+36RilI+Pwyuuh7HItyeScCWP3k6i8vKclAQ0bM/0y/Kz/xiwvxhMv9MgTJP5gmA=="
    },
    "@babel/types": {
      "version": "7.21.5",
      "resolved": "https://registry.npmjs.org/@babel/types/-/types-7.21.5.tgz",
      "integrity": "sha512-m4AfNvVF2mVC/F7fDEdH2El3HzUg9It/XsCxZiOTTA3m3qYfcSVSbTfM6Q9xG+hYDniZssYhlXKKUMD5m8tF4Q==",
      "requires": {
        "@babel/helper-string-parser": "^7.21.5",
        "@babel/helper-validator-identifier": "^7.19.1",
        "to-fast-properties": "^2.0.0"
      }
    },
    "@vue/compiler-core": {
      "version": "3.2.0",
      "resolved": "https://registry.npmjs.org/@vue/compiler-core/-/compiler-core-3.2.0.tgz",
      "integrity": "sha512-+kfA4pisto26tcEh9Naf/qrizplYWnkBLHu3fX5Yu0c47RVBteVG3dHENFczl3Egwra+5NP5f3YuOgxK1ZMbNQ==",
      "requires": {
        "@babel/parser": "^7.12.0",
        "@babel/types": "^7.12.0",
        "@vue/shared": "3.2.0",
        "estree-walker": "^2.0.1",
        "source-map": "^0.6.1"
      }
    },
    "@vue/compiler-dom": {
      "version": "3.2.0",
      "resolved": "https://registry.npmjs.org/@vue/compiler-dom/-/compiler-dom-3.2.0.tgz",
      "integrity": "sha512-CqfATmX04+58LNBTTUPRBLyYGLP0bxtL+8b7B8pEvXja7fpmxiYcKBQsdaXfyqoRJsaTzA7eVXQt/t0dYhu/SQ==",
      "requires": {
        "@vue/compiler-core": "3.2.0",
        "@vue/shared": "3.2.0"
      }
    },
    "@vue/reactivity": {
      "version": "3.2.0",
      "resolved": "https://registry.npmjs.org/@vue/reactivity/-/reactivity-3.2.0.tgz",
      "integrity": "sha512-39L3UJe8+jYeCTM/QrDglDM05O11UrmyhazUOHOOj7+a9pPVu95HGInh5CkKQf98mx2gq6t3PPN8bCN5wK8Wwg==",
      "requires": {
        "@vue/shared": "3.2.0"
      }
    },
    "@vue/runtime-core": {
      "version": "3.2.0",
      "resolved": "https://registry.npmjs.org/@vue/runtime-core/-/runtime-core-3.2.0.tgz",
      "integrity": "sha512-mZlkYTcw3mVwClwFTpql4hkDfOweHE/w+9r3Yb3UPwRs75bSJXMBRUikw1GVx01bZQ8VQPjBYowCElcWNSlKig==",
      "requires": {
        "@vue/reactivity": "3.2.0",
        "@vue/shared": "3.2.0"
      }
    },
    "@vue/runtime-dom": {
      "version": "3.2.0",
      "resolved": "https://registry.npmjs.org/@vue/runtime-dom/-/runtime-dom-3.2.0.tgz",
      "integrity": "sha512-NCHMfrUwpJelCTINpMRLFhzWKJkl07slabmTbECZFJnkdDfFkptGCWll42q58bbvwGmpAPDzNI3yYch72pcKwg==",
      "requires": {
        "@vue/runtime-core": "3.2.0",
        "@vue/shared": "3.2.0",
        "csstype": "^2.6.8"
      }
    },
    "@vue/shared": {
      "version": "3.2.0",
      "resolved": "https://registry.npmjs.org/@vue/shared/-/shared-3.2.0.tgz",
      "integrity": "sha512-MgdilC3YHYSCFuNlxZBgugh8B9/h/h+nQ6lkeaxqFWW+FnV/JzCwW4Bh5bYIYvBleG8QZjFwxdmdqSAWLXzgEA=="
    },
    "csstype": {
      "version": "2.6.21",
      "resolved": "https://registry.npmjs.org/csstype/-/csstype-2.6.21.tgz",
      "integrity": "sha512-Z1PhmomIfypOpoMjRQB70jfvy/wxT50qW08YXO5lMIJkrdq4yOTR+AW7FqutScmB9NkLwxo+jU+kZLbofZZq/w=="
    },
    "estree-walker": {
      "version": "2.0.2",
      "resolved": "https://registry.npmjs.org/estree-walker/-/estree-walker-2.0.2.tgz",
      "integrity": "sha512-Rfkk/Mp/DL7JVje3u18FxFujQlTNR2q6QfMSMB7AvCBx91NGj/ba3kCfza0f6dVDbw7YlRf/nDrn7pQrCCyQ/w=="
    },
    "source-map": {
      "version": "0.6.1",
      "resolved": "https://registry.npmjs.org/source-map/-/source-map-0.6.1.tgz",
      "integrity": "sha512-UjgapumWlbMhkBgzT7Ykc5YXUT46F0iKu8SGXq0bcwP5dz/h0Plj6enJqjz1Zbq2l5WaqYnrVbwWOWMyF3F47g=="
    },
    "to-fast-properties": {
      "version": "2.0.0",
      "resolved": "https://registry.npmjs.org/to-fast-properties/-/to-fast-properties-2.0.0.tgz",
      "integrity": "sha512-/OaKK0xYrs3DmxRYqL/yDc+FxFUVYhDlXMhRmv3z915w2HF1tnN1omB354j8VUGO/hbRzyD6Y3sA7v7GS/ceog=="
    },
    "vue": {
      "version": "3.2.0",
      "resolved": "https://registry.npmjs.org/vue/-/vue-3.2.0.tgz",
      "integrity": "sha512-eMo5yCdkWRmBfqp/acBI/Y1Omgk0NyGqPViaU66eOpKarXNtkdImzDA57+E76jnWVr6MEp/rg1n0vnxaVvALMQ==",
      "requires": {
        "@vue/compiler-dom": "3.2.0",
        "@vue/runtime-dom": "3.2.0",
        "@vue/shared": "3.2.0"
      }
    }
  }
}
